
Microsoft Visual Studio Solution File, Format Version 12.00
# Visual Studio Version 16
VisualStudioVersion = 16.0.29911.84
MinimumVisualStudioVersion = 10.0.40219.1
Project("{FAE04EC0-301F-11D3-BF4B-00C04F79EFBC}") = "SalesWebMvc", "SalesWebMvc\SalesWebMvc.csproj", "{63D77ED4-ED60-4071-9436-B7C88D50E205}"
EndProject
Global
	GlobalSection(SolutionConfigurationPlatforms) = preSolution
		Debug|Any CPU = Debug|Any CPU
		Release|Any CPU = Release|Any CPU
	EndGlobalSection
	GlobalSection(ProjectConfigurationPlatforms) = postSolution
		{63D77ED4-ED60-4071-9436-B7C88D50E205}.Debug|Any CPU.ActiveCfg = Debug|Any CPU
		{63D77ED4-ED60-4071-9436-B7C88D50E205}.Debug|Any CPU.Build.0 = Debug|Any CPU
		{63D77ED4-ED60-4071-9436-B7C88D50E205}.Release|Any CPU.ActiveCfg = Release|Any CPU
		{63D77ED4-ED60-4071-9436-B7C88D50E205}.Release|Any CPU.Build.0 = Release|Any CPU
	EndGlobalSection
	GlobalSection(SolutionProperties) = preSolution
		HideSolutionNode = FALSE
	EndGlobalSection
	GlobalSection(ExtensibilityGlobals) = postSolution
		SolutionGuid = {CB028525-7C5A-47C2-A12F-F8C79C2CCB55}
	EndGlobalSection
EndGlobal
